// !$*UTF8*$!
{
	archiveVersion = 1;
	classes = {
	};
	objectVersion = 46;
	objects = {

/* Begin PBXBuildFile section */
		E05BE488157F8A3A00740148 /* UIKit.framework in Frameworks */ = {isa = PBXBuildFile; fileRef = E05BE487157F8A3A00740148 /* UIKit.framework */; };
		E05BE48A157F8A3A00740148 /* Foundation.framework in Frameworks */ = {isa = PBXBuildFile; fileRef = E05BE489157F8A3A00740148 /* Foundation.framework */; };
		E05BE48C157F8A3A00740148 /* CoreGraphics.framework in Frameworks */ = {isa = PBXBuildFile; fileRef = E05BE48B157F8A3A00740148 /* CoreGraphics.framework */; };
		E05BE48E157F8A3A00740148 /* QuartzCore.framework in Frameworks */ = {isa = PBXBuildFile; fileRef = E05BE48D157F8A3A00740148 /* QuartzCore.framework */; };
		E05BE490157F8A3A00740148 /* OpenGLES.framework in Frameworks */ = {isa = PBXBuildFile; fileRef = E05BE48F157F8A3A00740148 /* OpenGLES.framework */; };
		E05BE492157F8A3A00740148 /* AudioToolbox.framework in Frameworks */ = {isa = PBXBuildFile; fileRef = E05BE491157F8A3A00740148 /* AudioToolbox.framework */; };
		E05BE494157F8A3A00740148 /* CoreVideo.framework in Frameworks */ = {isa = PBXBuildFile; fileRef = E05BE493157F8A3A00740148 /* CoreVideo.framework */; };
		E05BE496157F8A3A00740148 /* AVFoundation.framework in Frameworks */ = {isa = PBXBuildFile; fileRef = E05BE495157F8A3A00740148 /* AVFoundation.framework */; };
		E05BE498157F8A3A00740148 /* CoreMedia.framework in Frameworks */ = {isa = PBXBuildFile; fileRef = E05BE497157F8A3A00740148 /* CoreMedia.framework */; };
		E05BE49A157F8A3A00740148 /* CoreText.framework in Frameworks */ = {isa = PBXBuildFile; fileRef = E05BE499157F8A3A00740148 /* CoreText.framework */; };
		E05BE4A0157F8A3A00740148 /* InfoPlist.strings in Resources */ = {isa = PBXBuildFile; fileRef = E05BE49E157F8A3A00740148 /* InfoPlist.strings */; };
		E05BE4A2157F8A3A00740148 /* main.m in Sources */ = {isa = PBXBuildFile; fileRef = E05BE4A1157F8A3A00740148 /* main.m */; };
		E05BE4A7157F8A3A00740148 /* CCGLTouchAppDelegate.mm in Sources */ = {isa = PBXBuildFile; fileRef = E05BE4A6157F8A3A00740148 /* CCGLTouchAppDelegate.mm */; };
		E05BE4AA157F8A3A00740148 /* CCGLTouchView.mm in Sources */ = {isa = PBXBuildFile; fileRef = E05BE4A9157F8A3A00740148 /* CCGLTouchView.mm */; };
		E05BE4AD157F8A3A00740148 /* CCGLTouchViewController.mm in Sources */ = {isa = PBXBuildFile; fileRef = E05BE4AC157F8A3A00740148 /* CCGLTouchViewController.mm */; };
		E05BE4B1157F8A3A00740148 /* MyAppDelegate.mm in Sources */ = {isa = PBXBuildFile; fileRef = E05BE4B0157F8A3A00740148 /* MyAppDelegate.mm */; };
		E05BE4B7157F8A3A00740148 /* MyViewController.mm in Sources */ = {isa = PBXBuildFile; fileRef = E05BE4B6157F8A3A00740148 /* MyViewController.mm */; };
		E05BE4BA157F8A3A00740148 /* MainWindow.xib in Resources */ = {isa = PBXBuildFile; fileRef = E05BE4B9157F8A3A00740148 /* MainWindow.xib */; };
		E05BE4BC157F8A3A00740148 /* MyViewController.xib in Resources */ = {isa = PBXBuildFile; fileRef = E05BE4BB157F8A3A00740148 /* MyViewController.xib */; };
		E08567B8175C455B0043F5B7 /* MobileCoreServices.framework in Frameworks */ = {isa = PBXBuildFile; fileRef = E08567B6175C455B0043F5B7 /* MobileCoreServices.framework */; };
		E08567B9175C455B0043F5B7 /* ImageIO.framework in Frameworks */ = {isa = PBXBuildFile; fileRef = E08567B7175C455B0043F5B7 /* ImageIO.framework */; };
		E0BBA6A816DA732C009BA170 /* Default-568h@2x.png in Resources */ = {isa = PBXBuildFile; fileRef = E0BBA6A716DA732C009BA170 /* Default-568h@2x.png */; };
		E0BBA6AD16DA7354009BA170 /* icon_ipad_retina.png in Resources */ = {isa = PBXBuildFile; fileRef = E0BBA6AC16DA7354009BA170 /* icon_ipad_retina.png */; };
		E0BBA6AF16DA7357009BA170 /* icon_ipad.png in Resources */ = {isa = PBXBuildFile; fileRef = E0BBA6AE16DA7357009BA170 /* icon_ipad.png */; };
		E0EDB801162233FC0086639E /* icon_retina.png in Resources */ = {isa = PBXBuildFile; fileRef = E0EDB800162233FC0086639E /* icon_retina.png */; };
		E0EDB803162233FE0086639E /* icon.png in Resources */ = {isa = PBXBuildFile; fileRef = E0EDB802162233FE0086639E /* icon.png */; };
		E0EDB809162235C60086639E /* MyCCGLView.mm in Sources */ = {isa = PBXBuildFile; fileRef = E0EDB808162235C60086639E /* MyCCGLView.mm */; };
/* End PBXBuildFile section */

/* Begin PBXFileReference section */
		E05BE483157F8A3A00740148 /* CCGLTouchFrames2Video.app */ = {isa = PBXFileReference; explicitFileType = wrapper.application; includeInIndex = 0; path = CCGLTouchFrames2Video.app; sourceTree = BUILT_PRODUCTS_DIR; };
		E05BE487157F8A3A00740148 /* UIKit.framework */ = {isa = PBXFileReference; lastKnownFileType = wrapper.framework; name = UIKit.framework; path = System/Library/Frameworks/UIKit.framework; sourceTree = SDKROOT; };
		E05BE489157F8A3A00740148 /* Foundation.framework */ = {isa = PBXFileReference; lastKnownFileType = wrapper.framework; name = Foundation.framework; path = System/Library/Frameworks/Foundation.framework; sourceTree = SDKROOT; };
		E05BE48B157F8A3A00740148 /* CoreGraphics.framework */ = {isa = PBXFileReference; lastKnownFileType = wrapper.framework; name = CoreGraphics.framework; path = System/Library/Frameworks/CoreGraphics.framework; sourceTree = SDKROOT; };
		E05BE48D157F8A3A00740148 /* QuartzCore.framework */ = {isa = PBXFileReference; lastKnownFileType = wrapper.framework; name = QuartzCore.framework; path = System/Library/Frameworks/QuartzCore.framework; sourceTree = SDKROOT; };
		E05BE48F157F8A3A00740148 /* OpenGLES.framework */ = {isa = PBXFileReference; lastKnownFileType = wrapper.framework; name = OpenGLES.framework; path = System/Library/Frameworks/OpenGLES.framework; sourceTree = SDKROOT; };
		E05BE491157F8A3A00740148 /* AudioToolbox.framework */ = {isa = PBXFileReference; lastKnownFileType = wrapper.framework; name = AudioToolbox.framework; path = System/Library/Frameworks/AudioToolbox.framework; sourceTree = SDKROOT; };
		E05BE493157F8A3A00740148 /* CoreVideo.framework */ = {isa = PBXFileReference; lastKnownFileType = wrapper.framework; name = CoreVideo.framework; path = System/Library/Frameworks/CoreVideo.framework; sourceTree = SDKROOT; };
		E05BE495157F8A3A00740148 /* AVFoundation.framework */ = {isa = PBXFileReference; lastKnownFileType = wrapper.framework; name = AVFoundation.framework; path = System/Library/Frameworks/AVFoundation.framework; sourceTree = SDKROOT; };
		E05BE497157F8A3A00740148 /* CoreMedia.framework */ = {isa = PBXFileReference; lastKnownFileType = wrapper.framework; name = CoreMedia.framework; path = System/Library/Frameworks/CoreMedia.framework; sourceTree = SDKROOT; };
		E05BE499157F8A3A00740148 /* CoreText.framework */ = {isa = PBXFileReference; lastKnownFileType = wrapper.framework; name = CoreText.framework; path = System/Library/Frameworks/CoreText.framework; sourceTree = SDKROOT; };
		E05BE49D157F8A3A00740148 /* CCGLTouchFrames2Video-Info.plist */ = {isa = PBXFileReference; lastKnownFileType = text.plist.xml; path = "CCGLTouchFrames2Video-Info.plist"; sourceTree = "<group>"; };
		E05BE49F157F8A3A00740148 /* en */ = {isa = PBXFileReference; lastKnownFileType = text.plist.strings; name = en; path = en.lproj/InfoPlist.strings; sourceTree = "<group>"; };
		E05BE4A1157F8A3A00740148 /* main.m */ = {isa = PBXFileReference; lastKnownFileType = sourcecode.c.objc; path = main.m; sourceTree = "<group>"; };
		E05BE4A3157F8A3A00740148 /* CCGLTouchFrames2Video-Prefix.pch */ = {isa = PBXFileReference; lastKnownFileType = sourcecode.c.h; path = "CCGLTouchFrames2Video-Prefix.pch"; sourceTree = "<group>"; };
		E05BE4A5157F8A3A00740148 /* CCGLTouchAppDelegate.h */ = {isa = PBXFileReference; lastKnownFileType = sourcecode.c.h; name = CCGLTouchAppDelegate.h; path = ../CCGLTouchCore/CCGLTouchAppDelegate.h; sourceTree = "<group>"; };
		E05BE4A6157F8A3A00740148 /* CCGLTouchAppDelegate.mm */ = {isa = PBXFileReference; lastKnownFileType = sourcecode.cpp.objcpp; name = CCGLTouchAppDelegate.mm; path = ../CCGLTouchCore/CCGLTouchAppDelegate.mm; sourceTree = "<group>"; };
		E05BE4A8157F8A3A00740148 /* CCGLTouchView.h */ = {isa = PBXFileReference; lastKnownFileType = sourcecode.c.h; name = CCGLTouchView.h; path = ../CCGLTouchCore/CCGLTouchView.h; sourceTree = "<group>"; };
		E05BE4A9157F8A3A00740148 /* CCGLTouchView.mm */ = {isa = PBXFileReference; lastKnownFileType = sourcecode.cpp.objcpp; name = CCGLTouchView.mm; path = ../CCGLTouchCore/CCGLTouchView.mm; sourceTree = "<group>"; };
		E05BE4AB157F8A3A00740148 /* CCGLTouchViewController.h */ = {isa = PBXFileReference; lastKnownFileType = sourcecode.c.h; name = CCGLTouchViewController.h; path = ../CCGLTouchCore/CCGLTouchViewController.h; sourceTree = "<group>"; };
		E05BE4AC157F8A3A00740148 /* CCGLTouchViewController.mm */ = {isa = PBXFileReference; lastKnownFileType = sourcecode.cpp.objcpp; name = CCGLTouchViewController.mm; path = ../CCGLTouchCore/CCGLTouchViewController.mm; sourceTree = "<group>"; };
		E05BE4AF157F8A3A00740148 /* MyAppDelegate.h */ = {isa = PBXFileReference; lastKnownFileType = sourcecode.c.h; path = MyAppDelegate.h; sourceTree = "<group>"; };
		E05BE4B0157F8A3A00740148 /* MyAppDelegate.mm */ = {isa = PBXFileReference; lastKnownFileType = sourcecode.cpp.objcpp; path = MyAppDelegate.mm; sourceTree = "<group>"; };
		E05BE4B2157F8A3A00740148 /* MyCCGLView.h */ = {isa = PBXFileReference; lastKnownFileType = sourcecode.c.h; path = MyCCGLView.h; sourceTree = "<group>"; };
		E05BE4B5157F8A3A00740148 /* MyViewController.h */ = {isa = PBXFileReference; lastKnownFileType = sourcecode.c.h; path = MyViewController.h; sourceTree = "<group>"; };
		E05BE4B6157F8A3A00740148 /* MyViewController.mm */ = {isa = PBXFileReference; lastKnownFileType = sourcecode.cpp.objcpp; path = MyViewController.mm; sourceTree = "<group>"; };
		E05BE4B9157F8A3A00740148 /* MainWindow.xib */ = {isa = PBXFileReference; lastKnownFileType = file.xib; path = MainWindow.xib; sourceTree = "<group>"; };
		E05BE4BB157F8A3A00740148 /* MyViewController.xib */ = {isa = PBXFileReference; lastKnownFileType = file.xib; path = MyViewController.xib; sourceTree = "<group>"; };
		E08567B6175C455B0043F5B7 /* MobileCoreServices.framework */ = {isa = PBXFileReference; lastKnownFileType = wrapper.framework; name = MobileCoreServices.framework; path = System/Library/Frameworks/MobileCoreServices.framework; sourceTree = SDKROOT; };
		E08567B7175C455B0043F5B7 /* ImageIO.framework */ = {isa = PBXFileReference; lastKnownFileType = wrapper.framework; name = ImageIO.framework; path = System/Library/Frameworks/ImageIO.framework; sourceTree = SDKROOT; };
		E0BBA6A716DA732C009BA170 /* Default-568h@2x.png */ = {isa = PBXFileReference; lastKnownFileType = image.png; path = "Default-568h@2x.png"; sourceTree = "<group>"; };
		E0BBA6AC16DA7354009BA170 /* icon_ipad_retina.png */ = {isa = PBXFileReference; lastKnownFileType = image.png; path = icon_ipad_retina.png; sourceTree = "<group>"; };
		E0BBA6AE16DA7357009BA170 /* icon_ipad.png */ = {isa = PBXFileReference; lastKnownFileType = image.png; path = icon_ipad.png; sourceTree = "<group>"; };
		E0EDB800162233FC0086639E /* icon_retina.png */ = {isa = PBXFileReference; lastKnownFileType = image.png; path = icon_retina.png; sourceTree = "<group>"; };
		E0EDB802162233FE0086639E /* icon.png */ = {isa = PBXFileReference; lastKnownFileType = image.png; path = icon.png; sourceTree = "<group>"; };
		E0EDB808162235C60086639E /* MyCCGLView.mm */ = {isa = PBXFileReference; fileEncoding = 4; lastKnownFileType = sourcecode.cpp.objcpp; path = MyCCGLView.mm; sourceTree = "<group>"; };
/* End PBXFileReference section */

/* Begin PBXFrameworksBuildPhase section */
		E05BE480157F8A3A00740148 /* Frameworks */ = {
			isa = PBXFrameworksBuildPhase;
			buildActionMask = 2147483647;
			files = (
				E05BE488157F8A3A00740148 /* UIKit.framework in Frameworks */,
				E05BE48A157F8A3A00740148 /* Foundation.framework in Frameworks */,
				E05BE48C157F8A3A00740148 /* CoreGraphics.framework in Frameworks */,
				E05BE48E157F8A3A00740148 /* QuartzCore.framework in Frameworks */,
				E05BE490157F8A3A00740148 /* OpenGLES.framework in Frameworks */,
				E05BE492157F8A3A00740148 /* AudioToolbox.framework in Frameworks */,
				E05BE494157F8A3A00740148 /* CoreVideo.framework in Frameworks */,
				E05BE496157F8A3A00740148 /* AVFoundation.framework in Frameworks */,
				E05BE498157F8A3A00740148 /* CoreMedia.framework in Frameworks */,
				E05BE49A157F8A3A00740148 /* CoreText.framework in Frameworks */,
				E08567B8175C455B0043F5B7 /* MobileCoreServices.framework in Frameworks */,
				E08567B9175C455B0043F5B7 /* ImageIO.framework in Frameworks */,
			);
			runOnlyForDeploymentPostprocessing = 0;
		};
/* End PBXFrameworksBuildPhase section */

/* Begin PBXGroup section */
		E05BE478157F8A3A00740148 = {
			isa = PBXGroup;
			children = (
				E0BBA6A716DA732C009BA170 /* Default-568h@2x.png */,
				E0BBA6AE16DA7357009BA170 /* icon_ipad.png */,
				E0BBA6AC16DA7354009BA170 /* icon_ipad_retina.png */,
				E0EDB802162233FE0086639E /* icon.png */,
				E0EDB800162233FC0086639E /* icon_retina.png */,
				E05BE49B157F8A3A00740148 /* CCGLTouchFrames2Video */,
				E05BE486157F8A3A00740148 /* Frameworks */,
				E05BE484157F8A3A00740148 /* Products */,
			);
			sourceTree = "<group>";
		};
		E05BE484157F8A3A00740148 /* Products */ = {
			isa = PBXGroup;
			children = (
				E05BE483157F8A3A00740148 /* CCGLTouchFrames2Video.app */,
			);
			name = Products;
			sourceTree = "<group>";
		};
		E05BE486157F8A3A00740148 /* Frameworks */ = {
			isa = PBXGroup;
			children = (
				E08567B6175C455B0043F5B7 /* MobileCoreServices.framework */,
				E08567B7175C455B0043F5B7 /* ImageIO.framework */,
				E05BE487157F8A3A00740148 /* UIKit.framework */,
				E05BE489157F8A3A00740148 /* Foundation.framework */,
				E05BE48B157F8A3A00740148 /* CoreGraphics.framework */,
				E05BE48D157F8A3A00740148 /* QuartzCore.framework */,
				E05BE48F157F8A3A00740148 /* OpenGLES.framework */,
				E05BE491157F8A3A00740148 /* AudioToolbox.framework */,
				E05BE493157F8A3A00740148 /* CoreVideo.framework */,
				E05BE495157F8A3A00740148 /* AVFoundation.framework */,
				E05BE497157F8A3A00740148 /* CoreMedia.framework */,
				E05BE499157F8A3A00740148 /* CoreText.framework */,
			);
			name = Frameworks;
			sourceTree = "<group>";
		};
		E05BE49B157F8A3A00740148 /* CCGLTouchFrames2Video */ = {
			isa = PBXGroup;
			children = (
				E05BE4A4157F8A3A00740148 /* CCGLTouchCore */,
				E05BE4AE157F8A3A00740148 /* MyClasses */,
				E05BE4B8157F8A3A00740148 /* MyAssets */,
				E05BE49C157F8A3A00740148 /* Supporting Files */,
			);
			path = CCGLTouchFrames2Video;
			sourceTree = "<group>";
		};
		E05BE49C157F8A3A00740148 /* Supporting Files */ = {
			isa = PBXGroup;
			children = (
				E05BE49D157F8A3A00740148 /* CCGLTouchFrames2Video-Info.plist */,
				E05BE49E157F8A3A00740148 /* InfoPlist.strings */,
				E05BE4A1157F8A3A00740148 /* main.m */,
				E05BE4A3157F8A3A00740148 /* CCGLTouchFrames2Video-Prefix.pch */,
			);
			name = "Supporting Files";
			sourceTree = "<group>";
		};
		E05BE4A4157F8A3A00740148 /* CCGLTouchCore */ = {
			isa = PBXGroup;
			children = (
				E05BE4A5157F8A3A00740148 /* CCGLTouchAppDelegate.h */,
				E05BE4A6157F8A3A00740148 /* CCGLTouchAppDelegate.mm */,
				E05BE4A8157F8A3A00740148 /* CCGLTouchView.h */,
				E05BE4A9157F8A3A00740148 /* CCGLTouchView.mm */,
				E05BE4AB157F8A3A00740148 /* CCGLTouchViewController.h */,
				E05BE4AC157F8A3A00740148 /* CCGLTouchViewController.mm */,
			);
			name = CCGLTouchCore;
			sourceTree = "<group>";
		};
		E05BE4AE157F8A3A00740148 /* MyClasses */ = {
			isa = PBXGroup;
			children = (
				E05BE4AF157F8A3A00740148 /* MyAppDelegate.h */,
				E05BE4B0157F8A3A00740148 /* MyAppDelegate.mm */,
				E05BE4B5157F8A3A00740148 /* MyViewController.h */,
				E05BE4B6157F8A3A00740148 /* MyViewController.mm */,
				E05BE4B2157F8A3A00740148 /* MyCCGLView.h */,
				E0EDB808162235C60086639E /* MyCCGLView.mm */,
			);
			name = MyClasses;
			sourceTree = "<group>";
		};
		E05BE4B8157F8A3A00740148 /* MyAssets */ = {
			isa = PBXGroup;
			children = (
				E05BE4B9157F8A3A00740148 /* MainWindow.xib */,
				E05BE4BB157F8A3A00740148 /* MyViewController.xib */,
			);
			name = MyAssets;
			sourceTree = "<group>";
		};
/* End PBXGroup section */

/* Begin PBXNativeTarget section */
		E05BE482157F8A3A00740148 /* CCGLTouchFrames2Video */ = {
			isa = PBXNativeTarget;
			buildConfigurationList = E05BE4BF157F8A3A00740148 /* Build configuration list for PBXNativeTarget "CCGLTouchFrames2Video" */;
			buildPhases = (
				E05BE47F157F8A3A00740148 /* Sources */,
				E05BE480157F8A3A00740148 /* Frameworks */,
				E05BE481157F8A3A00740148 /* Resources */,
			);
			buildRules = (
			);
			dependencies = (
			);
			name = CCGLTouchFrames2Video;
			productName = CCGLTouchFrames2Video;
			productReference = E05BE483157F8A3A00740148 /* CCGLTouchFrames2Video.app */;
			productType = "com.apple.product-type.application";
		};
/* End PBXNativeTarget section */

/* Begin PBXProject section */
		E05BE47A157F8A3A00740148 /* Project object */ = {
			isa = PBXProject;
			attributes = {
				LastUpgradeCheck = 0430;
				ORGANIZATIONNAME = "USER STUDIO";
			};
			buildConfigurationList = E05BE47D157F8A3A00740148 /* Build configuration list for PBXProject "CCGLTouchFrames2Video" */;
			compatibilityVersion = "Xcode 3.2";
			developmentRegion = English;
			hasScannedForEncodings = 0;
			knownRegions = (
				en,
			);
			mainGroup = E05BE478157F8A3A00740148;
			productRefGroup = E05BE484157F8A3A00740148 /* Products */;
			projectDirPath = "";
			projectRoot = "";
			targets = (
				E05BE482157F8A3A00740148 /* CCGLTouchFrames2Video */,
			);
		};
/* End PBXProject section */

/* Begin PBXResourcesBuildPhase section */
		E05BE481157F8A3A00740148 /* Resources */ = {
			isa = PBXResourcesBuildPhase;
			buildActionMask = 2147483647;
			files = (
				E05BE4A0157F8A3A00740148 /* InfoPlist.strings in Resources */,
				E05BE4BA157F8A3A00740148 /* MainWindow.xib in Resources */,
				E05BE4BC157F8A3A00740148 /* MyViewController.xib in Resources */,
				E0EDB801162233FC0086639E /* icon_retina.png in Resources */,
				E0EDB803162233FE0086639E /* icon.png in Resources */,
				E0BBA6A816DA732C009BA170 /* Default-568h@2x.png in Resources */,
				E0BBA6AD16DA7354009BA170 /* icon_ipad_retina.png in Resources */,
				E0BBA6AF16DA7357009BA170 /* icon_ipad.png in Resources */,
			);
			runOnlyForDeploymentPostprocessing = 0;
		};
/* End PBXResourcesBuildPhase section */

/* Begin PBXSourcesBuildPhase section */
		E05BE47F157F8A3A00740148 /* Sources */ = {
			isa = PBXSourcesBuildPhase;
			buildActionMask = 2147483647;
			files = (
				E05BE4A2157F8A3A00740148 /* main.m in Sources */,
				E05BE4A7157F8A3A00740148 /* CCGLTouchAppDelegate.mm in Sources */,
				E05BE4AA157F8A3A00740148 /* CCGLTouchView.mm in Sources */,
				E05BE4AD157F8A3A00740148 /* CCGLTouchViewController.mm in Sources */,
				E05BE4B1157F8A3A00740148 /* MyAppDelegate.mm in Sources */,
				E05BE4B7157F8A3A00740148 /* MyViewController.mm in Sources */,
				E0EDB809162235C60086639E /* MyCCGLView.mm in Sources */,
			);
			runOnlyForDeploymentPostprocessing = 0;
		};
/* End PBXSourcesBuildPhase section */

/* Begin PBXVariantGroup section */
		E05BE49E157F8A3A00740148 /* InfoPlist.strings */ = {
			isa = PBXVariantGroup;
			children = (
				E05BE49F157F8A3A00740148 /* en */,
			);
			name = InfoPlist.strings;
			sourceTree = "<group>";
		};
/* End PBXVariantGroup section */

/* Begin XCBuildConfiguration section */
		E05BE4BD157F8A3A00740148 /* Debug */ = {
			isa = XCBuildConfiguration;
			buildSettings = {
				ALWAYS_SEARCH_USER_PATHS = NO;
				ARCHS = "$(ARCHS_UNIVERSAL_IPHONE_OS)";
				"CODE_SIGN_IDENTITY[sdk=iphoneos*]" = "iPhone Developer";
				COPY_PHASE_STRIP = NO;
				GCC_C_LANGUAGE_STANDARD = gnu99;
				GCC_DYNAMIC_NO_PIC = NO;
				GCC_OPTIMIZATION_LEVEL = 0;
				GCC_PREPROCESSOR_DEFINITIONS = (
					"DEBUG=1",
					"$(inherited)",
				);
				GCC_SYMBOLS_PRIVATE_EXTERN = NO;
				GCC_VERSION = com.apple.compilers.llvm.clang.1_0;
				GCC_WARN_ABOUT_RETURN_TYPE = YES;
				GCC_WARN_UNINITIALIZED_AUTOS = YES;
				GCC_WARN_UNUSED_VARIABLE = YES;
				IPHONEOS_DEPLOYMENT_TARGET = 5.1;
				SDKROOT = iphoneos;
				TARGETED_DEVICE_FAMILY = 2;
			};
			name = Debug;
		};
		E05BE4BE157F8A3A00740148 /* Release */ = {
			isa = XCBuildConfiguration;
			buildSettings = {
				ALWAYS_SEARCH_USER_PATHS = NO;
				ARCHS = "$(ARCHS_UNIVERSAL_IPHONE_OS)";
				"CODE_SIGN_IDENTITY[sdk=iphoneos*]" = "iPhone Developer";
				COPY_PHASE_STRIP = YES;
				GCC_C_LANGUAGE_STANDARD = gnu99;
				GCC_VERSION = com.apple.compilers.llvm.clang.1_0;
				GCC_WARN_ABOUT_RETURN_TYPE = YES;
				GCC_WARN_UNINITIALIZED_AUTOS = YES;
				GCC_WARN_UNUSED_VARIABLE = YES;
				IPHONEOS_DEPLOYMENT_TARGET = 5.1;
				OTHER_CFLAGS = "-DNS_BLOCK_ASSERTIONS=1";
				SDKROOT = iphoneos;
				TARGETED_DEVICE_FAMILY = 2;
				VALIDATE_PRODUCT = YES;
			};
			name = Release;
		};
		E05BE4C0157F8A3A00740148 /* Debug */ = {
			isa = XCBuildConfiguration;
			buildSettings = {
				ARCHS = (
					armv7s,
					armv7,
				);
				CINDER_PATH = ../..;
				CLANG_CXX_LANGUAGE_STANDARD = "c++0x";
				CLANG_CXX_LIBRARY = "libc++";
				ENABLE_BITCODE = NO;
				GCC_ENABLE_OBJC_EXCEPTIONS = YES;
				GCC_PRECOMPILE_PREFIX_HEADER = YES;
				GCC_PREFIX_HEADER = "CCGLTouchFrames2Video/CCGLTouchFrames2Video-Prefix.pch";
				GCC_VERSION = com.apple.compilers.llvm.clang.1_0;
				GCC_WARN_64_TO_32_BIT_CONVERSION = YES;
				HEADER_SEARCH_PATHS = "\"$(CINDER_PATH)/boost\"";
				INFOPLIST_FILE = "CCGLTouchFrames2Video/CCGLTouchFrames2Video-Info.plist";
				IPHONEOS_DEPLOYMENT_TARGET = 5.0;
				ONLY_ACTIVE_ARCH = YES;
				"OTHER_LDFLAGS[sdk=iphoneos*][arch=*]" = (
					"\"$(CINDER_PATH)/lib/libcinder-iphone_d.a\"",
					"-lz",
				);
				"OTHER_LDFLAGS[sdk=iphonesimulator*][arch=*]" = (
					"\"$(CINDER_PATH)/lib/libcinder-iphone-sim_d.a\"",
					"-lz",
				);
				PRODUCT_NAME = "$(TARGET_NAME)";
				TARGETED_DEVICE_FAMILY = "1,2";
				USER_HEADER_SEARCH_PATHS = "\"$(CINDER_PATH)/include\" include";
				WRAPPER_EXTENSION = app;
			};
			name = Debug;
		};
		E05BE4C1157F8A3A00740148 /* Release */ = {
			isa = XCBuildConfiguration;
			buildSettings = {
				ARCHS = (
					armv7s,
					armv7,
				);
				CINDER_PATH = ../..;
				CLANG_CXX_LANGUAGE_STANDARD = "c++0x";
				CLANG_CXX_LIBRARY = "libc++";
				DEBUG_INFORMATION_FORMAT = "dwarf-with-dsym";
				ENABLE_BITCODE = NO;
				GCC_ENABLE_OBJC_EXCEPTIONS = YES;
				GCC_PRECOMPILE_PREFIX_HEADER = YES;
				GCC_PREFIX_HEADER = "CCGLTouchFrames2Video/CCGLTouchFrames2Video-Prefix.pch";
				GCC_VERSION = com.apple.compilers.llvm.clang.1_0;
				GCC_WARN_64_TO_32_BIT_CONVERSION = YES;
				HEADER_SEARCH_PATHS = "\"$(CINDER_PATH)/boost\"";
				INFOPLIST_FILE = "CCGLTouchFrames2Video/CCGLTouchFrames2Video-Info.plist";
				IPHONEOS_DEPLOYMENT_TARGET = 5.0;
				ONLY_ACTIVE_ARCH = YES;
				"OTHER_LDFLAGS[sdk=iphoneos*][arch=*]" = (
					"\"$(CINDER_PATH)/lib/libcinder-iphone.a\"",
					"-lz",
				);
				"OTHER_LDFLAGS[sdk=iphonesimulator*][arch=*]" = (
					"\"$(CINDER_PATH)/lib/libcinder-iphone-sim.a\"",
					"-lz",
				);
				PRODUCT_NAME = "$(TARGET_NAME)";
				TARGETED_DEVICE_FAMILY = "1,2";
				USER_HEADER_SEARCH_PATHS = "\"$(CINDER_PATH)/include\" include";
				WRAPPER_EXTENSION = app;
			};
			name = Release;
		};
/* End XCBuildConfiguration section */

/* Begin XCConfigurationList section */
		E05BE47D157F8A3A00740148 /* Build configuration list for PBXProject "CCGLTouchFrames2Video" */ = {
			isa = XCConfigurationList;
			buildConfigurations = (
				E05BE4BD157F8A3A00740148 /* Debug */,
				E05BE4BE157F8A3A00740148 /* Release */,
			);
			defaultConfigurationIsVisible = 0;
			defaultConfigurationName = Release;
		};
		E05BE4BF157F8A3A00740148 /* Build configuration list for PBXNativeTarget "CCGLTouchFrames2Video" */ = {
			isa = XCConfigurationList;
			buildConfigurations = (
				E05BE4C0157F8A3A00740148 /* Debug */,
				E05BE4C1157F8A3A00740148 /* Release */,
			);
			defaultConfigurationIsVisible = 0;
			defaultConfigurationName = Release;
		};
/* End XCConfigurationList section */
	};
	rootObject = E05BE47A157F8A3A00740148 /* Project object */;
}
