// !$*UTF8*$!
{
	archiveVersion = 1;
	classes = {
	};
	objectVersion = 46;
	objects = {

/* Begin PBXBuildFile section */
		E035BD041755813C00BB0548 /* MobileCoreServices.framework in Frameworks */ = {isa = PBXBuildFile; fileRef = E035BD031755813C00BB0548 /* MobileCoreServices.framework */; };
		E035BD061755814600BB0548 /* ImageIO.framework in Frameworks */ = {isa = PBXBuildFile; fileRef = E035BD051755814600BB0548 /* ImageIO.framework */; };
		E05B9D8A1427CB1D00914BAF /* CCGLTouchAppDelegate.mm in Sources */ = {isa = PBXBuildFile; fileRef = E05B9D841427CB1D00914BAF /* CCGLTouchAppDelegate.mm */; };
		E05B9D8B1427CB1D00914BAF /* CCGLTouchView.mm in Sources */ = {isa = PBXBuildFile; fileRef = E05B9D861427CB1D00914BAF /* CCGLTouchView.mm */; };
		E05B9D8C1427CB1D00914BAF /* CCGLTouchViewController.mm in Sources */ = {isa = PBXBuildFile; fileRef = E05B9D881427CB1D00914BAF /* CCGLTouchViewController.mm */; };
		E07A97DC14184F7F00DED91C /* UIKit.framework in Frameworks */ = {isa = PBXBuildFile; fileRef = E07A97DB14184F7F00DED91C /* UIKit.framework */; };
		E07A97DE14184F7F00DED91C /* Foundation.framework in Frameworks */ = {isa = PBXBuildFile; fileRef = E07A97DD14184F7F00DED91C /* Foundation.framework */; };
		E07A97E014184F7F00DED91C /* CoreGraphics.framework in Frameworks */ = {isa = PBXBuildFile; fileRef = E07A97DF14184F7F00DED91C /* CoreGraphics.framework */; };
		E07A9821141850B500DED91C /* QuartzCore.framework in Frameworks */ = {isa = PBXBuildFile; fileRef = E07A9819141850B500DED91C /* QuartzCore.framework */; };
		E07A9822141850B500DED91C /* OpenGLES.framework in Frameworks */ = {isa = PBXBuildFile; fileRef = E07A981A141850B500DED91C /* OpenGLES.framework */; };
		E07A9823141850B500DED91C /* AudioToolbox.framework in Frameworks */ = {isa = PBXBuildFile; fileRef = E07A981B141850B500DED91C /* AudioToolbox.framework */; };
		E07A9825141850B500DED91C /* CoreVideo.framework in Frameworks */ = {isa = PBXBuildFile; fileRef = E07A981D141850B500DED91C /* CoreVideo.framework */; };
		E07A9826141850B500DED91C /* AVFoundation.framework in Frameworks */ = {isa = PBXBuildFile; fileRef = E07A981E141850B500DED91C /* AVFoundation.framework */; };
		E07A9827141850B500DED91C /* CoreMedia.framework in Frameworks */ = {isa = PBXBuildFile; fileRef = E07A981F141850B500DED91C /* CoreMedia.framework */; };
		E07A9828141850B500DED91C /* CoreText.framework in Frameworks */ = {isa = PBXBuildFile; fileRef = E07A9820141850B500DED91C /* CoreText.framework */; };
		E07AEF87161FADCA005A004F /* MyAppDelegate.mm in Sources */ = {isa = PBXBuildFile; fileRef = E07AEF82161FADCA005A004F /* MyAppDelegate.mm */; };
		E07AEF88161FADCA005A004F /* MyCCGLView.mm in Sources */ = {isa = PBXBuildFile; fileRef = E07AEF84161FADCA005A004F /* MyCCGLView.mm */; };
		E07AEF89161FADCA005A004F /* MyViewController.mm in Sources */ = {isa = PBXBuildFile; fileRef = E07AEF86161FADCA005A004F /* MyViewController.mm */; };
		E07AEF8E161FADDF005A004F /* MainWindow.xib in Resources */ = {isa = PBXBuildFile; fileRef = E07AEF8A161FADDF005A004F /* MainWindow.xib */; };
		E07AEF8F161FADDF005A004F /* MyViewController.xib in Resources */ = {isa = PBXBuildFile; fileRef = E07AEF8C161FADDF005A004F /* MyViewController.xib */; };
		E07AEF92161FAE1A005A004F /* CCGLTouchBasic-Info.plist in Resources */ = {isa = PBXBuildFile; fileRef = E07AEF90161FAE1A005A004F /* CCGLTouchBasic-Info.plist */; };
		E07AEF95161FAE23005A004F /* InfoPlist.strings in Resources */ = {isa = PBXBuildFile; fileRef = E07AEF93161FAE23005A004F /* InfoPlist.strings */; };
		E07AEF97161FAE45005A004F /* main.m in Sources */ = {isa = PBXBuildFile; fileRef = E07AEF96161FAE45005A004F /* main.m */; };
		E0BBA67316DA6D87009BA170 /* icon_ipad_retina.png in Resources */ = {isa = PBXBuildFile; fileRef = E0BBA67216DA6D87009BA170 /* icon_ipad_retina.png */; };
		E0BBA67516DA6D8A009BA170 /* icon_ipad.png in Resources */ = {isa = PBXBuildFile; fileRef = E0BBA67416DA6D8A009BA170 /* icon_ipad.png */; };
		E0BBA68216DA704C009BA170 /* Default-568h@2x.png in Resources */ = {isa = PBXBuildFile; fileRef = E0BBA68116DA704C009BA170 /* Default-568h@2x.png */; };
		E0C4055F142E7F2F00AD6C4B /* icon.png in Resources */ = {isa = PBXBuildFile; fileRef = E0C4055E142E7F2F00AD6C4B /* icon.png */; };
		E0C40562142E7F3200AD6C4B /* icon_retina.png in Resources */ = {isa = PBXBuildFile; fileRef = E0C40561142E7F3200AD6C4B /* icon_retina.png */; };
/* End PBXBuildFile section */

/* Begin PBXFileReference section */
		E035BD031755813C00BB0548 /* MobileCoreServices.framework */ = {isa = PBXFileReference; lastKnownFileType = wrapper.framework; name = MobileCoreServices.framework; path = System/Library/Frameworks/MobileCoreServices.framework; sourceTree = SDKROOT; };
		E035BD051755814600BB0548 /* ImageIO.framework */ = {isa = PBXFileReference; lastKnownFileType = wrapper.framework; name = ImageIO.framework; path = System/Library/Frameworks/ImageIO.framework; sourceTree = SDKROOT; };
		E05B9D831427CB1D00914BAF /* CCGLTouchAppDelegate.h */ = {isa = PBXFileReference; fileEncoding = 4; lastKnownFileType = sourcecode.c.h; path = CCGLTouchAppDelegate.h; sourceTree = "<group>"; };
		E05B9D841427CB1D00914BAF /* CCGLTouchAppDelegate.mm */ = {isa = PBXFileReference; fileEncoding = 4; lastKnownFileType = sourcecode.cpp.objcpp; path = CCGLTouchAppDelegate.mm; sourceTree = "<group>"; };
		E05B9D851427CB1D00914BAF /* CCGLTouchView.h */ = {isa = PBXFileReference; fileEncoding = 4; lastKnownFileType = sourcecode.c.h; path = CCGLTouchView.h; sourceTree = "<group>"; };
		E05B9D861427CB1D00914BAF /* CCGLTouchView.mm */ = {isa = PBXFileReference; fileEncoding = 4; lastKnownFileType = sourcecode.cpp.objcpp; path = CCGLTouchView.mm; sourceTree = "<group>"; };
		E05B9D871427CB1D00914BAF /* CCGLTouchViewController.h */ = {isa = PBXFileReference; fileEncoding = 4; lastKnownFileType = sourcecode.c.h; path = CCGLTouchViewController.h; sourceTree = "<group>"; };
		E05B9D881427CB1D00914BAF /* CCGLTouchViewController.mm */ = {isa = PBXFileReference; fileEncoding = 4; lastKnownFileType = sourcecode.cpp.objcpp; path = CCGLTouchViewController.mm; sourceTree = "<group>"; };
		E07A97D714184F7F00DED91C /* CCGLTouchBasic.app */ = {isa = PBXFileReference; explicitFileType = wrapper.application; includeInIndex = 0; path = CCGLTouchBasic.app; sourceTree = BUILT_PRODUCTS_DIR; };
		E07A97DB14184F7F00DED91C /* UIKit.framework */ = {isa = PBXFileReference; lastKnownFileType = wrapper.framework; name = UIKit.framework; path = System/Library/Frameworks/UIKit.framework; sourceTree = SDKROOT; };
		E07A97DD14184F7F00DED91C /* Foundation.framework */ = {isa = PBXFileReference; lastKnownFileType = wrapper.framework; name = Foundation.framework; path = System/Library/Frameworks/Foundation.framework; sourceTree = SDKROOT; };
		E07A97DF14184F7F00DED91C /* CoreGraphics.framework */ = {isa = PBXFileReference; lastKnownFileType = wrapper.framework; name = CoreGraphics.framework; path = System/Library/Frameworks/CoreGraphics.framework; sourceTree = SDKROOT; };
		E07A9819141850B500DED91C /* QuartzCore.framework */ = {isa = PBXFileReference; lastKnownFileType = wrapper.framework; name = QuartzCore.framework; path = System/Library/Frameworks/QuartzCore.framework; sourceTree = SDKROOT; };
		E07A981A141850B500DED91C /* OpenGLES.framework */ = {isa = PBXFileReference; lastKnownFileType = wrapper.framework; name = OpenGLES.framework; path = System/Library/Frameworks/OpenGLES.framework; sourceTree = SDKROOT; };
		E07A981B141850B500DED91C /* AudioToolbox.framework */ = {isa = PBXFileReference; lastKnownFileType = wrapper.framework; name = AudioToolbox.framework; path = ../../../../../../../System/Library/Frameworks/AudioToolbox.framework; sourceTree = "<group>"; };
		E07A981D141850B500DED91C /* CoreVideo.framework */ = {isa = PBXFileReference; lastKnownFileType = wrapper.framework; name = CoreVideo.framework; path = System/Library/Frameworks/CoreVideo.framework; sourceTree = SDKROOT; };
		E07A981E141850B500DED91C /* AVFoundation.framework */ = {isa = PBXFileReference; lastKnownFileType = wrapper.framework; name = AVFoundation.framework; path = System/Library/Frameworks/AVFoundation.framework; sourceTree = SDKROOT; };
		E07A981F141850B500DED91C /* CoreMedia.framework */ = {isa = PBXFileReference; lastKnownFileType = wrapper.framework; name = CoreMedia.framework; path = System/Library/Frameworks/CoreMedia.framework; sourceTree = SDKROOT; };
		E07A9820141850B500DED91C /* CoreText.framework */ = {isa = PBXFileReference; lastKnownFileType = wrapper.framework; name = CoreText.framework; path = System/Library/Frameworks/CoreText.framework; sourceTree = SDKROOT; };
		E07AEF81161FADCA005A004F /* MyAppDelegate.h */ = {isa = PBXFileReference; fileEncoding = 4; lastKnownFileType = sourcecode.c.h; name = MyAppDelegate.h; path = CCGLTouchBasic/MyAppDelegate.h; sourceTree = "<group>"; };
		E07AEF82161FADCA005A004F /* MyAppDelegate.mm */ = {isa = PBXFileReference; fileEncoding = 4; lastKnownFileType = sourcecode.cpp.objcpp; name = MyAppDelegate.mm; path = CCGLTouchBasic/MyAppDelegate.mm; sourceTree = "<group>"; };
		E07AEF83161FADCA005A004F /* MyCCGLView.h */ = {isa = PBXFileReference; fileEncoding = 4; lastKnownFileType = sourcecode.c.h; name = MyCCGLView.h; path = CCGLTouchBasic/MyCCGLView.h; sourceTree = "<group>"; };
		E07AEF84161FADCA005A004F /* MyCCGLView.mm */ = {isa = PBXFileReference; fileEncoding = 4; lastKnownFileType = sourcecode.cpp.objcpp; name = MyCCGLView.mm; path = CCGLTouchBasic/MyCCGLView.mm; sourceTree = "<group>"; };
		E07AEF85161FADCA005A004F /* MyViewController.h */ = {isa = PBXFileReference; fileEncoding = 4; lastKnownFileType = sourcecode.c.h; name = MyViewController.h; path = CCGLTouchBasic/MyViewController.h; sourceTree = "<group>"; };
		E07AEF86161FADCA005A004F /* MyViewController.mm */ = {isa = PBXFileReference; fileEncoding = 4; lastKnownFileType = sourcecode.cpp.objcpp; name = MyViewController.mm; path = CCGLTouchBasic/MyViewController.mm; sourceTree = "<group>"; };
		E07AEF8B161FADDF005A004F /* en */ = {isa = PBXFileReference; lastKnownFileType = file.xib; name = en; path = CCGLTouchBasic/en.lproj/MainWindow.xib; sourceTree = "<group>"; };
		E07AEF8D161FADDF005A004F /* en */ = {isa = PBXFileReference; lastKnownFileType = file.xib; name = en; path = CCGLTouchBasic/en.lproj/MyViewController.xib; sourceTree = "<group>"; };
		E07AEF90161FAE1A005A004F /* CCGLTouchBasic-Info.plist */ = {isa = PBXFileReference; fileEncoding = 4; lastKnownFileType = text.plist.xml; name = "CCGLTouchBasic-Info.plist"; path = "../CCGLTouchBasic/CCGLTouchBasic-Info.plist"; sourceTree = "<group>"; };
		E07AEF91161FAE1A005A004F /* CCGLTouchBasic-Prefix.pch */ = {isa = PBXFileReference; fileEncoding = 4; lastKnownFileType = sourcecode.c.h; name = "CCGLTouchBasic-Prefix.pch"; path = "../CCGLTouchBasic/CCGLTouchBasic-Prefix.pch"; sourceTree = "<group>"; };
		E07AEF94161FAE23005A004F /* en */ = {isa = PBXFileReference; lastKnownFileType = text.plist.strings; name = en; path = CCGLTouchBasic/en.lproj/InfoPlist.strings; sourceTree = "<group>"; };
		E07AEF96161FAE45005A004F /* main.m */ = {isa = PBXFileReference; fileEncoding = 4; lastKnownFileType = sourcecode.c.objc; name = main.m; path = ../CCGLTouchBasic/main.m; sourceTree = "<group>"; };
		E0BBA67216DA6D87009BA170 /* icon_ipad_retina.png */ = {isa = PBXFileReference; lastKnownFileType = image.png; path = icon_ipad_retina.png; sourceTree = "<group>"; };
		E0BBA67416DA6D8A009BA170 /* icon_ipad.png */ = {isa = PBXFileReference; lastKnownFileType = image.png; path = icon_ipad.png; sourceTree = "<group>"; };
		E0BBA68116DA704C009BA170 /* Default-568h@2x.png */ = {isa = PBXFileReference; lastKnownFileType = image.png; path = "Default-568h@2x.png"; sourceTree = "<group>"; };
		E0C4055E142E7F2F00AD6C4B /* icon.png */ = {isa = PBXFileReference; lastKnownFileType = image.png; path = icon.png; sourceTree = "<group>"; };
		E0C40561142E7F3200AD6C4B /* icon_retina.png */ = {isa = PBXFileReference; lastKnownFileType = image.png; path = icon_retina.png; sourceTree = "<group>"; };
/* End PBXFileReference section */

/* Begin PBXFrameworksBuildPhase section */
		E07A97D414184F7F00DED91C /* Frameworks */ = {
			isa = PBXFrameworksBuildPhase;
			buildActionMask = 2147483647;
			files = (
				E07A97DC14184F7F00DED91C /* UIKit.framework in Frameworks */,
				E07A97DE14184F7F00DED91C /* Foundation.framework in Frameworks */,
				E07A97E014184F7F00DED91C /* CoreGraphics.framework in Frameworks */,
				E07A9821141850B500DED91C /* QuartzCore.framework in Frameworks */,
				E07A9822141850B500DED91C /* OpenGLES.framework in Frameworks */,
				E07A9823141850B500DED91C /* AudioToolbox.framework in Frameworks */,
				E07A9825141850B500DED91C /* CoreVideo.framework in Frameworks */,
				E07A9826141850B500DED91C /* AVFoundation.framework in Frameworks */,
				E07A9827141850B500DED91C /* CoreMedia.framework in Frameworks */,
				E07A9828141850B500DED91C /* CoreText.framework in Frameworks */,
				E035BD041755813C00BB0548 /* MobileCoreServices.framework in Frameworks */,
				E035BD061755814600BB0548 /* ImageIO.framework in Frameworks */,
			);
			runOnlyForDeploymentPostprocessing = 0;
		};
/* End PBXFrameworksBuildPhase section */

/* Begin PBXGroup section */
		E01227E1141E09B4002B212D /* MyAssets */ = {
			isa = PBXGroup;
			children = (
				E07AEF8A161FADDF005A004F /* MainWindow.xib */,
				E07AEF8C161FADDF005A004F /* MyViewController.xib */,
			);
			name = MyAssets;
			sourceTree = "<group>";
		};
		E05B9D821427CB1D00914BAF /* CCGLTouchCore */ = {
			isa = PBXGroup;
			children = (
				E05B9D831427CB1D00914BAF /* CCGLTouchAppDelegate.h */,
				E05B9D841427CB1D00914BAF /* CCGLTouchAppDelegate.mm */,
				E05B9D871427CB1D00914BAF /* CCGLTouchViewController.h */,
				E05B9D881427CB1D00914BAF /* CCGLTouchViewController.mm */,
				E05B9D851427CB1D00914BAF /* CCGLTouchView.h */,
				E05B9D861427CB1D00914BAF /* CCGLTouchView.mm */,
			);
			path = CCGLTouchCore;
			sourceTree = "<group>";
		};
		E07A97CC14184F7F00DED91C = {
			isa = PBXGroup;
			children = (
				E0BBA68116DA704C009BA170 /* Default-568h@2x.png */,
				E0BBA67416DA6D8A009BA170 /* icon_ipad.png */,
				E0BBA67216DA6D87009BA170 /* icon_ipad_retina.png */,
				E0C40561142E7F3200AD6C4B /* icon_retina.png */,
				E0C4055E142E7F2F00AD6C4B /* icon.png */,
				E05B9D821427CB1D00914BAF /* CCGLTouchCore */,
				E0C68FCF141C52AD00370E8D /* MyClasses */,
				E01227E1141E09B4002B212D /* MyAssets */,
				E07A97E214184F7F00DED91C /* Supporting Files */,
				E07A97DA14184F7F00DED91C /* Frameworks */,
				E07A97D814184F7F00DED91C /* Products */,
			);
			sourceTree = "<group>";
		};
		E07A97D814184F7F00DED91C /* Products */ = {
			isa = PBXGroup;
			children = (
				E07A97D714184F7F00DED91C /* CCGLTouchBasic.app */,
			);
			name = Products;
			sourceTree = "<group>";
		};
		E07A97DA14184F7F00DED91C /* Frameworks */ = {
			isa = PBXGroup;
			children = (
				E035BD031755813C00BB0548 /* MobileCoreServices.framework */,
				E035BD051755814600BB0548 /* ImageIO.framework */,
				E07A981B141850B500DED91C /* AudioToolbox.framework */,
				E07A981F141850B500DED91C /* CoreMedia.framework */,
				E07A981D141850B500DED91C /* CoreVideo.framework */,
				E07A9819141850B500DED91C /* QuartzCore.framework */,
				E07A981A141850B500DED91C /* OpenGLES.framework */,
				E07A97DB14184F7F00DED91C /* UIKit.framework */,
				E07A97DD14184F7F00DED91C /* Foundation.framework */,
				E07A97DF14184F7F00DED91C /* CoreGraphics.framework */,
				E07A981E141850B500DED91C /* AVFoundation.framework */,
				E07A9820141850B500DED91C /* CoreText.framework */,
			);
			name = Frameworks;
			sourceTree = "<group>";
		};
		E07A97E214184F7F00DED91C /* Supporting Files */ = {
			isa = PBXGroup;
			children = (
				E07AEF96161FAE45005A004F /* main.m */,
				E07AEF93161FAE23005A004F /* InfoPlist.strings */,
				E07AEF90161FAE1A005A004F /* CCGLTouchBasic-Info.plist */,
				E07AEF91161FAE1A005A004F /* CCGLTouchBasic-Prefix.pch */,
			);
			name = "Supporting Files";
			path = CCGLTouchBasic;
			sourceTree = "<group>";
		};
		E0C68FCF141C52AD00370E8D /* MyClasses */ = {
			isa = PBXGroup;
			children = (
				E07AEF81161FADCA005A004F /* MyAppDelegate.h */,
				E07AEF82161FADCA005A004F /* MyAppDelegate.mm */,
				E07AEF85161FADCA005A004F /* MyViewController.h */,
				E07AEF86161FADCA005A004F /* MyViewController.mm */,
				E07AEF83161FADCA005A004F /* MyCCGLView.h */,
				E07AEF84161FADCA005A004F /* MyCCGLView.mm */,
			);
			name = MyClasses;
			sourceTree = "<group>";
		};
/* End PBXGroup section */

/* Begin PBXNativeTarget section */
		E07A97D614184F7F00DED91C /* CCGLTouchBasic */ = {
			isa = PBXNativeTarget;
			buildConfigurationList = E07A980F14184F7F00DED91C /* Build configuration list for PBXNativeTarget "CCGLTouchBasic" */;
			buildPhases = (
				E07A97D314184F7F00DED91C /* Sources */,
				E07A97D414184F7F00DED91C /* Frameworks */,
				E07A97D514184F7F00DED91C /* Resources */,
			);
			buildRules = (
			);
			dependencies = (
			);
			name = CCGLTouchBasic;
			productName = CCGLTouchBasic;
			productReference = E07A97D714184F7F00DED91C /* CCGLTouchBasic.app */;
			productType = "com.apple.product-type.application";
		};
/* End PBXNativeTarget section */

/* Begin PBXProject section */
		E07A97CE14184F7F00DED91C /* Project object */ = {
			isa = PBXProject;
			attributes = {
			};
			buildConfigurationList = E07A97D114184F7F00DED91C /* Build configuration list for PBXProject "CCGLTouchBasic" */;
			compatibilityVersion = "Xcode 3.2";
			developmentRegion = English;
			hasScannedForEncodings = 0;
			knownRegions = (
				en,
			);
			mainGroup = E07A97CC14184F7F00DED91C;
			productRefGroup = E07A97D814184F7F00DED91C /* Products */;
			projectDirPath = "";
			projectRoot = "";
			targets = (
				E07A97D614184F7F00DED91C /* CCGLTouchBasic */,
			);
		};
/* End PBXProject section */

/* Begin PBXResourcesBuildPhase section */
		E07A97D514184F7F00DED91C /* Resources */ = {
			isa = PBXResourcesBuildPhase;
			buildActionMask = 2147483647;
			files = (
				E0C4055F142E7F2F00AD6C4B /* icon.png in Resources */,
				E0C40562142E7F3200AD6C4B /* icon_retina.png in Resources */,
				E07AEF8E161FADDF005A004F /* MainWindow.xib in Resources */,
				E07AEF8F161FADDF005A004F /* MyViewController.xib in Resources */,
				E07AEF92161FAE1A005A004F /* CCGLTouchBasic-Info.plist in Resources */,
				E07AEF95161FAE23005A004F /* InfoPlist.strings in Resources */,
				E0BBA67316DA6D87009BA170 /* icon_ipad_retina.png in Resources */,
				E0BBA67516DA6D8A009BA170 /* icon_ipad.png in Resources */,
				E0BBA68216DA704C009BA170 /* Default-568h@2x.png in Resources */,
			);
			runOnlyForDeploymentPostprocessing = 0;
		};
/* End PBXResourcesBuildPhase section */

/* Begin PBXSourcesBuildPhase section */
		E07A97D314184F7F00DED91C /* Sources */ = {
			isa = PBXSourcesBuildPhase;
			buildActionMask = 2147483647;
			files = (
				E05B9D8A1427CB1D00914BAF /* CCGLTouchAppDelegate.mm in Sources */,
				E05B9D8B1427CB1D00914BAF /* CCGLTouchView.mm in Sources */,
				E05B9D8C1427CB1D00914BAF /* CCGLTouchViewController.mm in Sources */,
				E07AEF87161FADCA005A004F /* MyAppDelegate.mm in Sources */,
				E07AEF88161FADCA005A004F /* MyCCGLView.mm in Sources */,
				E07AEF89161FADCA005A004F /* MyViewController.mm in Sources */,
				E07AEF97161FAE45005A004F /* main.m in Sources */,
			);
			runOnlyForDeploymentPostprocessing = 0;
		};
/* End PBXSourcesBuildPhase section */

/* Begin PBXVariantGroup section */
		E07AEF8A161FADDF005A004F /* MainWindow.xib */ = {
			isa = PBXVariantGroup;
			children = (
				E07AEF8B161FADDF005A004F /* en */,
			);
			name = MainWindow.xib;
			sourceTree = "<group>";
		};
		E07AEF8C161FADDF005A004F /* MyViewController.xib */ = {
			isa = PBXVariantGroup;
			children = (
				E07AEF8D161FADDF005A004F /* en */,
			);
			name = MyViewController.xib;
			sourceTree = "<group>";
		};
		E07AEF93161FAE23005A004F /* InfoPlist.strings */ = {
			isa = PBXVariantGroup;
			children = (
				E07AEF94161FAE23005A004F /* en */,
			);
			name = InfoPlist.strings;
			path = ..;
			sourceTree = "<group>";
		};
/* End PBXVariantGroup section */

/* Begin XCBuildConfiguration section */
		E07A980D14184F7F00DED91C /* Debug */ = {
			isa = XCBuildConfiguration;
			buildSettings = {
				ALWAYS_SEARCH_USER_PATHS = NO;
				ARCHS = "$(ARCHS_STANDARD_32_BIT)";
				"CODE_SIGN_IDENTITY[sdk=iphoneos*]" = "iPhone Developer";
				COPY_PHASE_STRIP = NO;
				GCC_C_LANGUAGE_STANDARD = gnu99;
				GCC_DYNAMIC_NO_PIC = NO;
				GCC_OPTIMIZATION_LEVEL = 0;
				GCC_PREPROCESSOR_DEFINITIONS = (
					"DEBUG=1",
					"$(inherited)",
				);
				GCC_SYMBOLS_PRIVATE_EXTERN = NO;
				GCC_VERSION = com.apple.compilers.llvmgcc42;
				GCC_WARN_ABOUT_MISSING_PROTOTYPES = YES;
				GCC_WARN_ABOUT_RETURN_TYPE = YES;
				GCC_WARN_UNUSED_VARIABLE = YES;
				IPHONEOS_DEPLOYMENT_TARGET = 4.3;
				SDKROOT = iphoneos;
			};
			name = Debug;
		};
		E07A980E14184F7F00DED91C /* Release */ = {
			isa = XCBuildConfiguration;
			buildSettings = {
				ALWAYS_SEARCH_USER_PATHS = NO;
				ARCHS = "$(ARCHS_STANDARD_32_BIT)";
				"CODE_SIGN_IDENTITY[sdk=iphoneos*]" = "iPhone Developer";
				COPY_PHASE_STRIP = YES;
				GCC_C_LANGUAGE_STANDARD = gnu99;
				GCC_VERSION = com.apple.compilers.llvmgcc42;
				GCC_WARN_ABOUT_MISSING_PROTOTYPES = YES;
				GCC_WARN_ABOUT_RETURN_TYPE = YES;
				GCC_WARN_UNUSED_VARIABLE = YES;
				IPHONEOS_DEPLOYMENT_TARGET = 4.3;
				OTHER_CFLAGS = "-DNS_BLOCK_ASSERTIONS=1";
				SDKROOT = iphoneos;
				VALIDATE_PRODUCT = YES;
			};
			name = Release;
		};
		E07A981014184F7F00DED91C /* Debug */ = {
			isa = XCBuildConfiguration;
			buildSettings = {
				ARCHS = (
					armv7,
					armv7s,
				);
				CINDER_PATH = ../..;
				CLANG_CXX_LANGUAGE_STANDARD = "c++0x";
				CLANG_CXX_LIBRARY = "libc++";
				GCC_PRECOMPILE_PREFIX_HEADER = YES;
				GCC_PREFIX_HEADER = "CCGLTouchBasic/CCGLTouchBasic-Prefix.pch";
				GCC_VERSION = com.apple.compilers.llvm.clang.1_0;
				HEADER_SEARCH_PATHS = "\"$(CINDER_PATH)/boost\"";
				INFOPLIST_FILE = "CCGLTouchBasic/CCGLTouchBasic-Info.plist";
				IPHONEOS_DEPLOYMENT_TARGET = 5.0;
				LIBRARY_SEARCH_PATHS = "";
				ONLY_ACTIVE_ARCH = YES;
				OTHER_LDFLAGS = "";
				"OTHER_LDFLAGS[sdk=iphoneos*][arch=*]" = (
					"\"$(CINDER_PATH)/lib/libcinder-iphone_d.a\"",
					"-lz",
				);
				"OTHER_LDFLAGS[sdk=iphonesimulator*][arch=*]" = (
					"\"$(CINDER_PATH)/lib/libcinder-iphone-sim_d.a\"",
					"-lz",
				);
				PRODUCT_NAME = CCGLTouchBasic;
				TARGETED_DEVICE_FAMILY = "1,2";
				USER_HEADER_SEARCH_PATHS = "\"$(CINDER_PATH)/include\" include";
				VALID_ARCHS = "armv7 armv7s arm64";
				WRAPPER_EXTENSION = app;
			};
			name = Debug;
		};
		E07A981114184F7F00DED91C /* Release */ = {
			isa = XCBuildConfiguration;
			buildSettings = {
				ARCHS = (
					armv7,
					armv7s,
				);
				CINDER_PATH = ../..;
				CLANG_CXX_LANGUAGE_STANDARD = "c++0x";
				CLANG_CXX_LIBRARY = "libc++";
				GCC_PRECOMPILE_PREFIX_HEADER = YES;
				GCC_PREFIX_HEADER = "CCGLTouchBasic/CCGLTouchBasic-Prefix.pch";
				GCC_VERSION = com.apple.compilers.llvm.clang.1_0;
				HEADER_SEARCH_PATHS = "\"$(CINDER_PATH)/boost\"";
				INFOPLIST_FILE = "CCGLTouchBasic/CCGLTouchBasic-Info.plist";
				IPHONEOS_DEPLOYMENT_TARGET = 5.0;
				LIBRARY_SEARCH_PATHS = "";
				ONLY_ACTIVE_ARCH = YES;
				OTHER_LDFLAGS = "";
				"OTHER_LDFLAGS[sdk=iphoneos*][arch=*]" = (
					"\"$(CINDER_PATH)/lib/libcinder-iphone.a\"",
					"-lz",
				);
				"OTHER_LDFLAGS[sdk=iphonesimulator*][arch=*]" = (
					"\"$(CINDER_PATH)/lib/libcinder-iphone-sim.a\"",
					"-lz",
				);
				PRODUCT_NAME = CCGLTouchBasic;
				TARGETED_DEVICE_FAMILY = "1,2";
				USER_HEADER_SEARCH_PATHS = "\"$(CINDER_PATH)/include\" include";
				VALID_ARCHS = "armv7 armv7s arm64";
				WRAPPER_EXTENSION = app;
			};
			name = Release;
		};
/* End XCBuildConfiguration section */

/* Begin XCConfigurationList section */
		E07A97D114184F7F00DED91C /* Build configuration list for PBXProject "CCGLTouchBasic" */ = {
			isa = XCConfigurationList;
			buildConfigurations = (
				E07A980D14184F7F00DED91C /* Debug */,
				E07A980E14184F7F00DED91C /* Release */,
			);
			defaultConfigurationIsVisible = 0;
			defaultConfigurationName = Release;
		};
		E07A980F14184F7F00DED91C /* Build configuration list for PBXNativeTarget "CCGLTouchBasic" */ = {
			isa = XCConfigurationList;
			buildConfigurations = (
				E07A981014184F7F00DED91C /* Debug */,
				E07A981114184F7F00DED91C /* Release */,
			);
			defaultConfigurationIsVisible = 0;
			defaultConfigurationName = Release;
		};
/* End XCConfigurationList section */
	};
	rootObject = E07A97CE14184F7F00DED91C /* Project object */;
}
