// !$*UTF8*$!
{
	archiveVersion = 1;
	classes = {
	};
	objectVersion = 46;
	objects = {

/* Begin PBXBuildFile section */
		E048A5A7162223CC009EDFEC /* cinder_logo.png in Resources */ = {isa = PBXBuildFile; fileRef = E048A5A5162223CC009EDFEC /* cinder_logo.png */; };
		E048A5AA162223E3009EDFEC /* main.m in Sources */ = {isa = PBXBuildFile; fileRef = E048A5A9162223E3009EDFEC /* main.m */; };
		E048A5AC1622245B009EDFEC /* icon_retina.png in Resources */ = {isa = PBXBuildFile; fileRef = E048A5AB1622245B009EDFEC /* icon_retina.png */; };
		E048A5AE1622245F009EDFEC /* icon.png in Resources */ = {isa = PBXBuildFile; fileRef = E048A5AD1622245F009EDFEC /* icon.png */; };
		E05B9DA71427CF5300914BAF /* CCGLTouchAppDelegate.mm in Sources */ = {isa = PBXBuildFile; fileRef = E05B9DA11427CF5300914BAF /* CCGLTouchAppDelegate.mm */; };
		E05B9DA81427CF5300914BAF /* CCGLTouchView.mm in Sources */ = {isa = PBXBuildFile; fileRef = E05B9DA31427CF5300914BAF /* CCGLTouchView.mm */; };
		E05B9DA91427CF5300914BAF /* CCGLTouchViewController.mm in Sources */ = {isa = PBXBuildFile; fileRef = E05B9DA51427CF5300914BAF /* CCGLTouchViewController.mm */; };
		E060B4E3141E2320008F9BDF /* MyCinderGLView.mm in Sources */ = {isa = PBXBuildFile; fileRef = E060B4E2141E2320008F9BDF /* MyCinderGLView.mm */; };
		E060B529141E3D8B008F9BDF /* MySecondViewController.mm in Sources */ = {isa = PBXBuildFile; fileRef = E060B528141E3D8B008F9BDF /* MySecondViewController.mm */; };
		E060B52C141E3D92008F9BDF /* MySecondViewController.xib in Resources */ = {isa = PBXBuildFile; fileRef = E060B52A141E3D92008F9BDF /* MySecondViewController.xib */; };
		E060B52F141E4F30008F9BDF /* MySecondCinderGLView.mm in Sources */ = {isa = PBXBuildFile; fileRef = E060B52E141E4F30008F9BDF /* MySecondCinderGLView.mm */; };
		E07A97DC14184F7F00DED91C /* UIKit.framework in Frameworks */ = {isa = PBXBuildFile; fileRef = E07A97DB14184F7F00DED91C /* UIKit.framework */; };
		E07A97DE14184F7F00DED91C /* Foundation.framework in Frameworks */ = {isa = PBXBuildFile; fileRef = E07A97DD14184F7F00DED91C /* Foundation.framework */; };
		E07A97E014184F7F00DED91C /* CoreGraphics.framework in Frameworks */ = {isa = PBXBuildFile; fileRef = E07A97DF14184F7F00DED91C /* CoreGraphics.framework */; };
		E07A97E614184F7F00DED91C /* InfoPlist.strings in Resources */ = {isa = PBXBuildFile; fileRef = E07A97E414184F7F00DED91C /* InfoPlist.strings */; };
		E07A97EC14184F7F00DED91C /* MyAppDelegate.mm in Sources */ = {isa = PBXBuildFile; fileRef = E07A97EB14184F7F00DED91C /* MyAppDelegate.mm */; };
		E07A97EF14184F7F00DED91C /* MainWindow.xib in Resources */ = {isa = PBXBuildFile; fileRef = E07A97ED14184F7F00DED91C /* MainWindow.xib */; };
		E07A97F214184F7F00DED91C /* MyViewController.mm in Sources */ = {isa = PBXBuildFile; fileRef = E07A97F114184F7F00DED91C /* MyViewController.mm */; };
		E07A97F514184F7F00DED91C /* MyViewController.xib in Resources */ = {isa = PBXBuildFile; fileRef = E07A97F314184F7F00DED91C /* MyViewController.xib */; };
		E07A9821141850B500DED91C /* QuartzCore.framework in Frameworks */ = {isa = PBXBuildFile; fileRef = E07A9819141850B500DED91C /* QuartzCore.framework */; };
		E07A9822141850B500DED91C /* OpenGLES.framework in Frameworks */ = {isa = PBXBuildFile; fileRef = E07A981A141850B500DED91C /* OpenGLES.framework */; };
		E07A9823141850B500DED91C /* AudioToolbox.framework in Frameworks */ = {isa = PBXBuildFile; fileRef = E07A981B141850B500DED91C /* AudioToolbox.framework */; };
		E07A9825141850B500DED91C /* CoreVideo.framework in Frameworks */ = {isa = PBXBuildFile; fileRef = E07A981D141850B500DED91C /* CoreVideo.framework */; };
		E07A9826141850B500DED91C /* AVFoundation.framework in Frameworks */ = {isa = PBXBuildFile; fileRef = E07A981E141850B500DED91C /* AVFoundation.framework */; };
		E07A9827141850B500DED91C /* CoreMedia.framework in Frameworks */ = {isa = PBXBuildFile; fileRef = E07A981F141850B500DED91C /* CoreMedia.framework */; };
		E07A9828141850B500DED91C /* CoreText.framework in Frameworks */ = {isa = PBXBuildFile; fileRef = E07A9820141850B500DED91C /* CoreText.framework */; };
		E08567C4175C482C0043F5B7 /* MobileCoreServices.framework in Frameworks */ = {isa = PBXBuildFile; fileRef = E08567C2175C482C0043F5B7 /* MobileCoreServices.framework */; };
		E08567C5175C482C0043F5B7 /* ImageIO.framework in Frameworks */ = {isa = PBXBuildFile; fileRef = E08567C3175C482C0043F5B7 /* ImageIO.framework */; };
		E0BBA6CD16DA7955009BA170 /* Default-568h@2x.png in Resources */ = {isa = PBXBuildFile; fileRef = E0BBA6CC16DA7955009BA170 /* Default-568h@2x.png */; };
		E0BBA6CF16DA795A009BA170 /* icon_ipad_retina.png in Resources */ = {isa = PBXBuildFile; fileRef = E0BBA6CE16DA795A009BA170 /* icon_ipad_retina.png */; };
		E0BBA6D116DA795D009BA170 /* icon_ipad.png in Resources */ = {isa = PBXBuildFile; fileRef = E0BBA6D016DA795D009BA170 /* icon_ipad.png */; };
/* End PBXBuildFile section */

/* Begin PBXFileReference section */
		E048A5A4162223BB009EDFEC /* Resources.h */ = {isa = PBXFileReference; fileEncoding = 4; lastKnownFileType = sourcecode.c.h; name = Resources.h; path = CCGLTouchTabs/Resources.h; sourceTree = "<group>"; };
		E048A5A5162223CC009EDFEC /* cinder_logo.png */ = {isa = PBXFileReference; lastKnownFileType = image.png; name = cinder_logo.png; path = CCGLTouchTabs/cinder_logo.png; sourceTree = "<group>"; };
		E048A5A9162223E3009EDFEC /* main.m */ = {isa = PBXFileReference; fileEncoding = 4; lastKnownFileType = sourcecode.c.objc; path = main.m; sourceTree = "<group>"; };
		E048A5AB1622245B009EDFEC /* icon_retina.png */ = {isa = PBXFileReference; lastKnownFileType = image.png; path = icon_retina.png; sourceTree = "<group>"; };
		E048A5AD1622245F009EDFEC /* icon.png */ = {isa = PBXFileReference; lastKnownFileType = image.png; path = icon.png; sourceTree = "<group>"; };
		E05B9DA01427CF5300914BAF /* CCGLTouchAppDelegate.h */ = {isa = PBXFileReference; fileEncoding = 4; lastKnownFileType = sourcecode.c.h; path = CCGLTouchAppDelegate.h; sourceTree = "<group>"; };
		E05B9DA11427CF5300914BAF /* CCGLTouchAppDelegate.mm */ = {isa = PBXFileReference; fileEncoding = 4; lastKnownFileType = sourcecode.cpp.objcpp; path = CCGLTouchAppDelegate.mm; sourceTree = "<group>"; };
		E05B9DA21427CF5300914BAF /* CCGLTouchView.h */ = {isa = PBXFileReference; fileEncoding = 4; lastKnownFileType = sourcecode.c.h; path = CCGLTouchView.h; sourceTree = "<group>"; };
		E05B9DA31427CF5300914BAF /* CCGLTouchView.mm */ = {isa = PBXFileReference; fileEncoding = 4; lastKnownFileType = sourcecode.cpp.objcpp; path = CCGLTouchView.mm; sourceTree = "<group>"; };
		E05B9DA41427CF5300914BAF /* CCGLTouchViewController.h */ = {isa = PBXFileReference; fileEncoding = 4; lastKnownFileType = sourcecode.c.h; path = CCGLTouchViewController.h; sourceTree = "<group>"; };
		E05B9DA51427CF5300914BAF /* CCGLTouchViewController.mm */ = {isa = PBXFileReference; fileEncoding = 4; lastKnownFileType = sourcecode.cpp.objcpp; path = CCGLTouchViewController.mm; sourceTree = "<group>"; };
		E060B4E1141E2320008F9BDF /* MyCinderGLView.h */ = {isa = PBXFileReference; fileEncoding = 4; lastKnownFileType = sourcecode.c.h; name = MyCinderGLView.h; path = CCGLTouchTabs/MyCinderGLView.h; sourceTree = "<group>"; };
		E060B4E2141E2320008F9BDF /* MyCinderGLView.mm */ = {isa = PBXFileReference; fileEncoding = 4; lastKnownFileType = sourcecode.cpp.objcpp; name = MyCinderGLView.mm; path = CCGLTouchTabs/MyCinderGLView.mm; sourceTree = "<group>"; };
		E060B527141E3D8B008F9BDF /* MySecondViewController.h */ = {isa = PBXFileReference; fileEncoding = 4; lastKnownFileType = sourcecode.c.h; name = MySecondViewController.h; path = CCGLTouchTabs/MySecondViewController.h; sourceTree = "<group>"; };
		E060B528141E3D8B008F9BDF /* MySecondViewController.mm */ = {isa = PBXFileReference; fileEncoding = 4; lastKnownFileType = sourcecode.cpp.objcpp; name = MySecondViewController.mm; path = CCGLTouchTabs/MySecondViewController.mm; sourceTree = "<group>"; };
		E060B52B141E3D92008F9BDF /* en */ = {isa = PBXFileReference; lastKnownFileType = file.xib; name = en; path = CCGLTouchTabs/en.lproj/MySecondViewController.xib; sourceTree = "<group>"; };
		E060B52D141E4F30008F9BDF /* MySecondCinderGLView.h */ = {isa = PBXFileReference; fileEncoding = 4; lastKnownFileType = sourcecode.c.h; name = MySecondCinderGLView.h; path = CCGLTouchTabs/MySecondCinderGLView.h; sourceTree = "<group>"; };
		E060B52E141E4F30008F9BDF /* MySecondCinderGLView.mm */ = {isa = PBXFileReference; fileEncoding = 4; lastKnownFileType = sourcecode.cpp.objcpp; name = MySecondCinderGLView.mm; path = CCGLTouchTabs/MySecondCinderGLView.mm; sourceTree = "<group>"; };
		E07A97D714184F7F00DED91C /* CCGLTouchTabs.app */ = {isa = PBXFileReference; explicitFileType = wrapper.application; includeInIndex = 0; path = CCGLTouchTabs.app; sourceTree = BUILT_PRODUCTS_DIR; };
		E07A97DB14184F7F00DED91C /* UIKit.framework */ = {isa = PBXFileReference; lastKnownFileType = wrapper.framework; name = UIKit.framework; path = System/Library/Frameworks/UIKit.framework; sourceTree = SDKROOT; };
		E07A97DD14184F7F00DED91C /* Foundation.framework */ = {isa = PBXFileReference; lastKnownFileType = wrapper.framework; name = Foundation.framework; path = System/Library/Frameworks/Foundation.framework; sourceTree = SDKROOT; };
		E07A97DF14184F7F00DED91C /* CoreGraphics.framework */ = {isa = PBXFileReference; lastKnownFileType = wrapper.framework; name = CoreGraphics.framework; path = System/Library/Frameworks/CoreGraphics.framework; sourceTree = SDKROOT; };
		E07A97E314184F7F00DED91C /* CCGLTouchTabs-Info.plist */ = {isa = PBXFileReference; lastKnownFileType = text.plist.xml; path = "CCGLTouchTabs-Info.plist"; sourceTree = "<group>"; };
		E07A97E514184F7F00DED91C /* en */ = {isa = PBXFileReference; lastKnownFileType = text.plist.strings; name = en; path = en.lproj/InfoPlist.strings; sourceTree = "<group>"; };
		E07A97E914184F7F00DED91C /* CCGLTouchTabs-Prefix.pch */ = {isa = PBXFileReference; lastKnownFileType = sourcecode.c.h; path = "CCGLTouchTabs-Prefix.pch"; sourceTree = "<group>"; };
		E07A97EA14184F7F00DED91C /* MyAppDelegate.h */ = {isa = PBXFileReference; lastKnownFileType = sourcecode.c.h; name = MyAppDelegate.h; path = CCGLTouchTabs/MyAppDelegate.h; sourceTree = "<group>"; };
		E07A97EB14184F7F00DED91C /* MyAppDelegate.mm */ = {isa = PBXFileReference; lastKnownFileType = sourcecode.cpp.objcpp; name = MyAppDelegate.mm; path = CCGLTouchTabs/MyAppDelegate.mm; sourceTree = "<group>"; };
		E07A97EE14184F7F00DED91C /* en */ = {isa = PBXFileReference; lastKnownFileType = file.xib; name = en; path = en.lproj/MainWindow.xib; sourceTree = "<group>"; };
		E07A97F014184F7F00DED91C /* MyViewController.h */ = {isa = PBXFileReference; lastKnownFileType = sourcecode.c.h; name = MyViewController.h; path = CCGLTouchTabs/MyViewController.h; sourceTree = "<group>"; };
		E07A97F114184F7F00DED91C /* MyViewController.mm */ = {isa = PBXFileReference; lastKnownFileType = sourcecode.cpp.objcpp; name = MyViewController.mm; path = CCGLTouchTabs/MyViewController.mm; sourceTree = "<group>"; };
		E07A97F414184F7F00DED91C /* en */ = {isa = PBXFileReference; lastKnownFileType = file.xib; name = en; path = en.lproj/MyViewController.xib; sourceTree = "<group>"; };
		E07A9819141850B500DED91C /* QuartzCore.framework */ = {isa = PBXFileReference; lastKnownFileType = wrapper.framework; name = QuartzCore.framework; path = System/Library/Frameworks/QuartzCore.framework; sourceTree = SDKROOT; };
		E07A981A141850B500DED91C /* OpenGLES.framework */ = {isa = PBXFileReference; lastKnownFileType = wrapper.framework; name = OpenGLES.framework; path = System/Library/Frameworks/OpenGLES.framework; sourceTree = SDKROOT; };
		E07A981B141850B500DED91C /* AudioToolbox.framework */ = {isa = PBXFileReference; lastKnownFileType = wrapper.framework; name = AudioToolbox.framework; path = ../../../../../../../System/Library/Frameworks/AudioToolbox.framework; sourceTree = "<group>"; };
		E07A981D141850B500DED91C /* CoreVideo.framework */ = {isa = PBXFileReference; lastKnownFileType = wrapper.framework; name = CoreVideo.framework; path = System/Library/Frameworks/CoreVideo.framework; sourceTree = SDKROOT; };
		E07A981E141850B500DED91C /* AVFoundation.framework */ = {isa = PBXFileReference; lastKnownFileType = wrapper.framework; name = AVFoundation.framework; path = System/Library/Frameworks/AVFoundation.framework; sourceTree = SDKROOT; };
		E07A981F141850B500DED91C /* CoreMedia.framework */ = {isa = PBXFileReference; lastKnownFileType = wrapper.framework; name = CoreMedia.framework; path = System/Library/Frameworks/CoreMedia.framework; sourceTree = SDKROOT; };
		E07A9820141850B500DED91C /* CoreText.framework */ = {isa = PBXFileReference; lastKnownFileType = wrapper.framework; name = CoreText.framework; path = System/Library/Frameworks/CoreText.framework; sourceTree = SDKROOT; };
		E08567C2175C482C0043F5B7 /* MobileCoreServices.framework */ = {isa = PBXFileReference; lastKnownFileType = wrapper.framework; name = MobileCoreServices.framework; path = System/Library/Frameworks/MobileCoreServices.framework; sourceTree = SDKROOT; };
		E08567C3175C482C0043F5B7 /* ImageIO.framework */ = {isa = PBXFileReference; lastKnownFileType = wrapper.framework; name = ImageIO.framework; path = System/Library/Frameworks/ImageIO.framework; sourceTree = SDKROOT; };
		E0BBA6CC16DA7955009BA170 /* Default-568h@2x.png */ = {isa = PBXFileReference; lastKnownFileType = image.png; path = "Default-568h@2x.png"; sourceTree = "<group>"; };
		E0BBA6CE16DA795A009BA170 /* icon_ipad_retina.png */ = {isa = PBXFileReference; lastKnownFileType = image.png; path = icon_ipad_retina.png; sourceTree = "<group>"; };
		E0BBA6D016DA795D009BA170 /* icon_ipad.png */ = {isa = PBXFileReference; lastKnownFileType = image.png; path = icon_ipad.png; sourceTree = "<group>"; };
/* End PBXFileReference section */

/* Begin PBXFrameworksBuildPhase section */
		E07A97D414184F7F00DED91C /* Frameworks */ = {
			isa = PBXFrameworksBuildPhase;
			buildActionMask = 2147483647;
			files = (
				E07A97DC14184F7F00DED91C /* UIKit.framework in Frameworks */,
				E07A97DE14184F7F00DED91C /* Foundation.framework in Frameworks */,
				E07A97E014184F7F00DED91C /* CoreGraphics.framework in Frameworks */,
				E07A9821141850B500DED91C /* QuartzCore.framework in Frameworks */,
				E07A9822141850B500DED91C /* OpenGLES.framework in Frameworks */,
				E07A9823141850B500DED91C /* AudioToolbox.framework in Frameworks */,
				E07A9825141850B500DED91C /* CoreVideo.framework in Frameworks */,
				E07A9826141850B500DED91C /* AVFoundation.framework in Frameworks */,
				E07A9827141850B500DED91C /* CoreMedia.framework in Frameworks */,
				E07A9828141850B500DED91C /* CoreText.framework in Frameworks */,
				E08567C4175C482C0043F5B7 /* MobileCoreServices.framework in Frameworks */,
				E08567C5175C482C0043F5B7 /* ImageIO.framework in Frameworks */,
			);
			runOnlyForDeploymentPostprocessing = 0;
		};
/* End PBXFrameworksBuildPhase section */

/* Begin PBXGroup section */
		E01227E1141E09B4002B212D /* MyAssets */ = {
			isa = PBXGroup;
			children = (
				E048A5A4162223BB009EDFEC /* Resources.h */,
				E07A97ED14184F7F00DED91C /* MainWindow.xib */,
				E07A97F314184F7F00DED91C /* MyViewController.xib */,
				E060B52A141E3D92008F9BDF /* MySecondViewController.xib */,
				E048A5A5162223CC009EDFEC /* cinder_logo.png */,
			);
			name = MyAssets;
			sourceTree = "<group>";
		};
		E05B9D9F1427CF5300914BAF /* CCGLTouchCore */ = {
			isa = PBXGroup;
			children = (
				E05B9DA01427CF5300914BAF /* CCGLTouchAppDelegate.h */,
				E05B9DA11427CF5300914BAF /* CCGLTouchAppDelegate.mm */,
				E05B9DA21427CF5300914BAF /* CCGLTouchView.h */,
				E05B9DA31427CF5300914BAF /* CCGLTouchView.mm */,
				E05B9DA41427CF5300914BAF /* CCGLTouchViewController.h */,
				E05B9DA51427CF5300914BAF /* CCGLTouchViewController.mm */,
			);
			path = CCGLTouchCore;
			sourceTree = "<group>";
		};
		E07A97CC14184F7F00DED91C = {
			isa = PBXGroup;
			children = (
				E0BBA6CC16DA7955009BA170 /* Default-568h@2x.png */,
				E0BBA6D016DA795D009BA170 /* icon_ipad.png */,
				E0BBA6CE16DA795A009BA170 /* icon_ipad_retina.png */,
				E048A5AD1622245F009EDFEC /* icon.png */,
				E048A5AB1622245B009EDFEC /* icon_retina.png */,
				E05B9D9F1427CF5300914BAF /* CCGLTouchCore */,
				E0C68FCF141C52AD00370E8D /* MyClasses */,
				E01227E1141E09B4002B212D /* MyAssets */,
				E07A97E214184F7F00DED91C /* Supporting Files */,
				E07A97DA14184F7F00DED91C /* Frameworks */,
				E07A97D814184F7F00DED91C /* Products */,
			);
			sourceTree = "<group>";
		};
		E07A97D814184F7F00DED91C /* Products */ = {
			isa = PBXGroup;
			children = (
				E07A97D714184F7F00DED91C /* CCGLTouchTabs.app */,
			);
			name = Products;
			sourceTree = "<group>";
		};
		E07A97DA14184F7F00DED91C /* Frameworks */ = {
			isa = PBXGroup;
			children = (
				E08567C2175C482C0043F5B7 /* MobileCoreServices.framework */,
				E08567C3175C482C0043F5B7 /* ImageIO.framework */,
				E07A9819141850B500DED91C /* QuartzCore.framework */,
				E07A981A141850B500DED91C /* OpenGLES.framework */,
				E07A97DB14184F7F00DED91C /* UIKit.framework */,
				E07A97DD14184F7F00DED91C /* Foundation.framework */,
				E07A97DF14184F7F00DED91C /* CoreGraphics.framework */,
				E07A981B141850B500DED91C /* AudioToolbox.framework */,
				E07A981D141850B500DED91C /* CoreVideo.framework */,
				E07A981E141850B500DED91C /* AVFoundation.framework */,
				E07A981F141850B500DED91C /* CoreMedia.framework */,
				E07A9820141850B500DED91C /* CoreText.framework */,
			);
			name = Frameworks;
			sourceTree = "<group>";
		};
		E07A97E214184F7F00DED91C /* Supporting Files */ = {
			isa = PBXGroup;
			children = (
				E048A5A9162223E3009EDFEC /* main.m */,
				E07A97E414184F7F00DED91C /* InfoPlist.strings */,
				E07A97E314184F7F00DED91C /* CCGLTouchTabs-Info.plist */,
				E07A97E914184F7F00DED91C /* CCGLTouchTabs-Prefix.pch */,
			);
			name = "Supporting Files";
			path = CCGLTouchTabs;
			sourceTree = "<group>";
		};
		E0C68FCF141C52AD00370E8D /* MyClasses */ = {
			isa = PBXGroup;
			children = (
				E07A97EA14184F7F00DED91C /* MyAppDelegate.h */,
				E07A97EB14184F7F00DED91C /* MyAppDelegate.mm */,
				E07A97F014184F7F00DED91C /* MyViewController.h */,
				E07A97F114184F7F00DED91C /* MyViewController.mm */,
				E060B4E1141E2320008F9BDF /* MyCinderGLView.h */,
				E060B4E2141E2320008F9BDF /* MyCinderGLView.mm */,
				E060B527141E3D8B008F9BDF /* MySecondViewController.h */,
				E060B528141E3D8B008F9BDF /* MySecondViewController.mm */,
				E060B52D141E4F30008F9BDF /* MySecondCinderGLView.h */,
				E060B52E141E4F30008F9BDF /* MySecondCinderGLView.mm */,
			);
			name = MyClasses;
			sourceTree = "<group>";
		};
/* End PBXGroup section */

/* Begin PBXNativeTarget section */
		E07A97D614184F7F00DED91C /* CCGLTouchTabs */ = {
			isa = PBXNativeTarget;
			buildConfigurationList = E07A980F14184F7F00DED91C /* Build configuration list for PBXNativeTarget "CCGLTouchTabs" */;
			buildPhases = (
				E07A97D314184F7F00DED91C /* Sources */,
				E07A97D414184F7F00DED91C /* Frameworks */,
				E07A97D514184F7F00DED91C /* Resources */,
			);
			buildRules = (
			);
			dependencies = (
			);
			name = CCGLTouchTabs;
			productName = CCGLTouchTabs;
			productReference = E07A97D714184F7F00DED91C /* CCGLTouchTabs.app */;
			productType = "com.apple.product-type.application";
		};
/* End PBXNativeTarget section */

/* Begin PBXProject section */
		E07A97CE14184F7F00DED91C /* Project object */ = {
			isa = PBXProject;
			buildConfigurationList = E07A97D114184F7F00DED91C /* Build configuration list for PBXProject "CCGLTouchTabs" */;
			compatibilityVersion = "Xcode 3.2";
			developmentRegion = English;
			hasScannedForEncodings = 0;
			knownRegions = (
				en,
			);
			mainGroup = E07A97CC14184F7F00DED91C;
			productRefGroup = E07A97D814184F7F00DED91C /* Products */;
			projectDirPath = "";
			projectRoot = "";
			targets = (
				E07A97D614184F7F00DED91C /* CCGLTouchTabs */,
			);
		};
/* End PBXProject section */

/* Begin PBXResourcesBuildPhase section */
		E07A97D514184F7F00DED91C /* Resources */ = {
			isa = PBXResourcesBuildPhase;
			buildActionMask = 2147483647;
			files = (
				E07A97E614184F7F00DED91C /* InfoPlist.strings in Resources */,
				E07A97EF14184F7F00DED91C /* MainWindow.xib in Resources */,
				E07A97F514184F7F00DED91C /* MyViewController.xib in Resources */,
				E060B52C141E3D92008F9BDF /* MySecondViewController.xib in Resources */,
				E048A5A7162223CC009EDFEC /* cinder_logo.png in Resources */,
				E048A5AC1622245B009EDFEC /* icon_retina.png in Resources */,
				E048A5AE1622245F009EDFEC /* icon.png in Resources */,
				E0BBA6CD16DA7955009BA170 /* Default-568h@2x.png in Resources */,
				E0BBA6CF16DA795A009BA170 /* icon_ipad_retina.png in Resources */,
				E0BBA6D116DA795D009BA170 /* icon_ipad.png in Resources */,
			);
			runOnlyForDeploymentPostprocessing = 0;
		};
/* End PBXResourcesBuildPhase section */

/* Begin PBXSourcesBuildPhase section */
		E07A97D314184F7F00DED91C /* Sources */ = {
			isa = PBXSourcesBuildPhase;
			buildActionMask = 2147483647;
			files = (
				E07A97EC14184F7F00DED91C /* MyAppDelegate.mm in Sources */,
				E07A97F214184F7F00DED91C /* MyViewController.mm in Sources */,
				E060B4E3141E2320008F9BDF /* MyCinderGLView.mm in Sources */,
				E060B529141E3D8B008F9BDF /* MySecondViewController.mm in Sources */,
				E060B52F141E4F30008F9BDF /* MySecondCinderGLView.mm in Sources */,
				E05B9DA71427CF5300914BAF /* CCGLTouchAppDelegate.mm in Sources */,
				E05B9DA81427CF5300914BAF /* CCGLTouchView.mm in Sources */,
				E05B9DA91427CF5300914BAF /* CCGLTouchViewController.mm in Sources */,
				E048A5AA162223E3009EDFEC /* main.m in Sources */,
			);
			runOnlyForDeploymentPostprocessing = 0;
		};
/* End PBXSourcesBuildPhase section */

/* Begin PBXVariantGroup section */
		E060B52A141E3D92008F9BDF /* MySecondViewController.xib */ = {
			isa = PBXVariantGroup;
			children = (
				E060B52B141E3D92008F9BDF /* en */,
			);
			name = MySecondViewController.xib;
			sourceTree = "<group>";
		};
		E07A97E414184F7F00DED91C /* InfoPlist.strings */ = {
			isa = PBXVariantGroup;
			children = (
				E07A97E514184F7F00DED91C /* en */,
			);
			name = InfoPlist.strings;
			sourceTree = "<group>";
		};
		E07A97ED14184F7F00DED91C /* MainWindow.xib */ = {
			isa = PBXVariantGroup;
			children = (
				E07A97EE14184F7F00DED91C /* en */,
			);
			name = MainWindow.xib;
			path = CCGLTouchTabs;
			sourceTree = "<group>";
		};
		E07A97F314184F7F00DED91C /* MyViewController.xib */ = {
			isa = PBXVariantGroup;
			children = (
				E07A97F414184F7F00DED91C /* en */,
			);
			name = MyViewController.xib;
			path = CCGLTouchTabs;
			sourceTree = "<group>";
		};
/* End PBXVariantGroup section */

/* Begin XCBuildConfiguration section */
		E07A980D14184F7F00DED91C /* Debug */ = {
			isa = XCBuildConfiguration;
			buildSettings = {
				ALWAYS_SEARCH_USER_PATHS = NO;
				ARCHS = "$(ARCHS_STANDARD_32_BIT)";
				"CODE_SIGN_IDENTITY[sdk=iphoneos*]" = "iPhone Developer";
				COPY_PHASE_STRIP = NO;
				GCC_C_LANGUAGE_STANDARD = gnu99;
				GCC_DYNAMIC_NO_PIC = NO;
				GCC_OPTIMIZATION_LEVEL = 0;
				GCC_PREPROCESSOR_DEFINITIONS = (
					"DEBUG=1",
					"$(inherited)",
				);
				GCC_SYMBOLS_PRIVATE_EXTERN = NO;
				GCC_VERSION = com.apple.compilers.llvmgcc42;
				GCC_WARN_ABOUT_MISSING_PROTOTYPES = YES;
				GCC_WARN_ABOUT_RETURN_TYPE = YES;
				GCC_WARN_UNUSED_VARIABLE = YES;
				IPHONEOS_DEPLOYMENT_TARGET = 4.3;
				SDKROOT = iphoneos;
			};
			name = Debug;
		};
		E07A980E14184F7F00DED91C /* Release */ = {
			isa = XCBuildConfiguration;
			buildSettings = {
				ALWAYS_SEARCH_USER_PATHS = NO;
				ARCHS = "$(ARCHS_STANDARD_32_BIT)";
				"CODE_SIGN_IDENTITY[sdk=iphoneos*]" = "iPhone Developer";
				COPY_PHASE_STRIP = YES;
				GCC_C_LANGUAGE_STANDARD = gnu99;
				GCC_VERSION = com.apple.compilers.llvmgcc42;
				GCC_WARN_ABOUT_MISSING_PROTOTYPES = YES;
				GCC_WARN_ABOUT_RETURN_TYPE = YES;
				GCC_WARN_UNUSED_VARIABLE = YES;
				IPHONEOS_DEPLOYMENT_TARGET = 4.3;
				OTHER_CFLAGS = "-DNS_BLOCK_ASSERTIONS=1";
				SDKROOT = iphoneos;
				VALIDATE_PRODUCT = YES;
			};
			name = Release;
		};
		E07A981014184F7F00DED91C /* Debug */ = {
			isa = XCBuildConfiguration;
			buildSettings = {
				ARCHS = "$(ARCHS_UNIVERSAL_IPHONE_OS)";
				CINDER_PATH = ../..;
				CLANG_CXX_LANGUAGE_STANDARD = "c++0x";
				CLANG_CXX_LIBRARY = "libc++";
				GCC_PRECOMPILE_PREFIX_HEADER = YES;
				GCC_PREFIX_HEADER = "CCGLTouchTabs/CCGLTouchTabs-Prefix.pch";
				GCC_VERSION = com.apple.compilers.llvm.clang.1_0;
				HEADER_SEARCH_PATHS = "\"$(CINDER_PATH)/boost\"";
				INFOPLIST_FILE = "CCGLTouchTabs/CCGLTouchTabs-Info.plist";
				IPHONEOS_DEPLOYMENT_TARGET = 5.0;
				ONLY_ACTIVE_ARCH = YES;
				OTHER_LDFLAGS = "";
				"OTHER_LDFLAGS[sdk=iphoneos*][arch=*]" = (
					"\"$(CINDER_PATH)/lib/libcinder-iphone_d.a\"",
					"-lz",
				);
				"OTHER_LDFLAGS[sdk=iphonesimulator*][arch=*]" = (
					"\"$(CINDER_PATH)/lib/libcinder-iphone-sim_d.a\"",
					"-lz",
				);
				PRODUCT_NAME = CCGLTouchTabs;
				TARGETED_DEVICE_FAMILY = "1,2";
				USER_HEADER_SEARCH_PATHS = "\"$(CINDER_PATH)/include\" include";
				WRAPPER_EXTENSION = app;
			};
			name = Debug;
		};
		E07A981114184F7F00DED91C /* Release */ = {
			isa = XCBuildConfiguration;
			buildSettings = {
				ARCHS = "$(ARCHS_UNIVERSAL_IPHONE_OS)";
				CINDER_PATH = ../..;
				CLANG_CXX_LANGUAGE_STANDARD = "c++0x";
				CLANG_CXX_LIBRARY = "libc++";
				GCC_PRECOMPILE_PREFIX_HEADER = YES;
				GCC_PREFIX_HEADER = "CCGLTouchTabs/CCGLTouchTabs-Prefix.pch";
				GCC_VERSION = com.apple.compilers.llvm.clang.1_0;
				HEADER_SEARCH_PATHS = "\"$(CINDER_PATH)/boost\"";
				INFOPLIST_FILE = "CCGLTouchTabs/CCGLTouchTabs-Info.plist";
				IPHONEOS_DEPLOYMENT_TARGET = 5.0;
				ONLY_ACTIVE_ARCH = YES;
				OTHER_LDFLAGS = "";
				"OTHER_LDFLAGS[sdk=iphoneos*][arch=*]" = (
					"\"$(CINDER_PATH)/lib/libcinder-iphone.a\"",
					"-lz",
				);
				"OTHER_LDFLAGS[sdk=iphonesimulator*][arch=*]" = (
					"\"$(CINDER_PATH)/lib/libcinder-iphone-sim.a\"",
					"-lz",
				);
				PRODUCT_NAME = CCGLTouchTabs;
				TARGETED_DEVICE_FAMILY = "1,2";
				USER_HEADER_SEARCH_PATHS = "\"$(CINDER_PATH)/include\" include";
				WRAPPER_EXTENSION = app;
			};
			name = Release;
		};
/* End XCBuildConfiguration section */

/* Begin XCConfigurationList section */
		E07A97D114184F7F00DED91C /* Build configuration list for PBXProject "CCGLTouchTabs" */ = {
			isa = XCConfigurationList;
			buildConfigurations = (
				E07A980D14184F7F00DED91C /* Debug */,
				E07A980E14184F7F00DED91C /* Release */,
			);
			defaultConfigurationIsVisible = 0;
			defaultConfigurationName = Release;
		};
		E07A980F14184F7F00DED91C /* Build configuration list for PBXNativeTarget "CCGLTouchTabs" */ = {
			isa = XCConfigurationList;
			buildConfigurations = (
				E07A981014184F7F00DED91C /* Debug */,
				E07A981114184F7F00DED91C /* Release */,
			);
			defaultConfigurationIsVisible = 0;
			defaultConfigurationName = Release;
		};
/* End XCConfigurationList section */
	};
	rootObject = E07A97CE14184F7F00DED91C /* Project object */;
}
